
Microsoft Visual Studio Solution File, Format Version 12.00
# Visual Studio Version 17
VisualStudioVersion = 17.9.34607.119
MinimumVisualStudioVersion = 10.0.40219.1
Project("{FAE04EC0-301F-11D3-BF4B-00C04F79EFBC}") = "ConstructionMVC", "ConstructionMVC\ConstructionMVC.csproj", "{0258D753-1EE1-4FF5-8EB3-0FFBEC833B68}"
EndProject
Global
	GlobalSection(SolutionConfigurationPlatforms) = preSolution
		Debug|Any CPU = Debug|Any CPU
		Release|Any CPU = Release|Any CPU
	EndGlobalSection
	GlobalSection(ProjectConfigurationPlatforms) = postSolution
		{0258D753-1EE1-4FF5-8EB3-0FFBEC833B68}.Debug|Any CPU.ActiveCfg = Debug|Any CPU
		{0258D753-1EE1-4FF5-8EB3-0FFBEC833B68}.Debug|Any CPU.Build.0 = Debug|Any CPU
		{0258D753-1EE1-4FF5-8EB3-0FFBEC833B68}.Release|Any CPU.ActiveCfg = Release|Any CPU
		{0258D753-1EE1-4FF5-8EB3-0FFBEC833B68}.Release|Any CPU.Build.0 = Release|Any CPU
	EndGlobalSection
	GlobalSection(SolutionProperties) = preSolution
		HideSolutionNode = FALSE
	EndGlobalSection
	GlobalSection(ExtensibilityGlobals) = postSolution
		SolutionGuid = {75325F89-2EDE-440A-A210-E6D5FD77CCD9}
	EndGlobalSection
EndGlobal
